
Microsoft Visual Studio Solution File, Format Version 12.00
# Visual Studio Version 17
VisualStudioVersion = 17.10.35013.160
MinimumVisualStudioVersion = 10.0.40219.1
Project("{FAE04EC0-301F-11D3-BF4B-00C04F79EFBC}") = "13.RomanToIntger", "13.RomanToIntger\13.RomanToIntger.csproj", "{2AAD806A-CBFE-4AB2-9058-C251FFD08413}"
EndProject
Global
	GlobalSection(SolutionConfigurationPlatforms) = preSolution
		Debug|Any CPU = Debug|Any CPU
		Release|Any CPU = Release|Any CPU
	EndGlobalSection
	GlobalSection(ProjectConfigurationPlatforms) = postSolution
		{2AAD806A-CBFE-4AB2-9058-C251FFD08413}.Debug|Any CPU.ActiveCfg = Debug|Any CPU
		{2AAD806A-CBFE-4AB2-9058-C251FFD08413}.Debug|Any CPU.Build.0 = Debug|Any CPU
		{2AAD806A-CBFE-4AB2-9058-C251FFD08413}.Release|Any CPU.ActiveCfg = Release|Any CPU
		{2AAD806A-CBFE-4AB2-9058-C251FFD08413}.Release|Any CPU.Build.0 = Release|Any CPU
	EndGlobalSection
	GlobalSection(SolutionProperties) = preSolution
		HideSolutionNode = FALSE
	EndGlobalSection
	GlobalSection(ExtensibilityGlobals) = postSolution
		SolutionGuid = {9B96F9EF-84E8-4558-99F6-1D517358F0F2}
	EndGlobalSection
EndGlobal
